
Microsoft Visual Studio Solution File, Format Version 12.00
# Visual Studio Version 17
VisualStudioVersion = 17.9.34622.214
MinimumVisualStudioVersion = 10.0.40219.1
Project("{9A19103F-16F7-4668-BE54-9A1E7A4F7556}") = "Logistics", "Logistics.csproj", "{37AB58BF-320C-42D4-B5A5-74D05DC4CC63}"
EndProject
Project("{FAE04EC0-301F-11D3-BF4B-00C04F79EFBC}") = "LogisticTask", "LogisticTask.csproj", "{0D67A5EA-D30A-4B22-9010-865B4DB14DAF}"
EndProject
Global
	GlobalSection(SolutionConfigurationPlatforms) = preSolution
		Debug|Any CPU = Debug|Any CPU
		Release|Any CPU = Release|Any CPU
	EndGlobalSection
	GlobalSection(ProjectConfigurationPlatforms) = postSolution
		{37AB58BF-320C-42D4-B5A5-74D05DC4CC63}.Debug|Any CPU.ActiveCfg = Debug|Any CPU
		{37AB58BF-320C-42D4-B5A5-74D05DC4CC63}.Debug|Any CPU.Build.0 = Debug|Any CPU
		{37AB58BF-320C-42D4-B5A5-74D05DC4CC63}.Release|Any CPU.ActiveCfg = Release|Any CPU
		{0D67A5EA-D30A-4B22-9010-865B4DB14DAF}.Debug|Any CPU.ActiveCfg = Debug|Any CPU
		{0D67A5EA-D30A-4B22-9010-865B4DB14DAF}.Debug|Any CPU.Build.0 = Debug|Any CPU
		{0D67A5EA-D30A-4B22-9010-865B4DB14DAF}.Release|Any CPU.ActiveCfg = Release|Any CPU
		{0D67A5EA-D30A-4B22-9010-865B4DB14DAF}.Release|Any CPU.Build.0 = Release|Any CPU
	EndGlobalSection
	GlobalSection(SolutionProperties) = preSolution
		HideSolutionNode = FALSE
	EndGlobalSection
	GlobalSection(ExtensibilityGlobals) = postSolution
		SolutionGuid = {F4884958-2B3C-472D-82DF-E1A87DDA35C6}
	EndGlobalSection
EndGlobal
